
Microsoft Visual Studio Solution File, Format Version 12.00
# Visual Studio Version 16
VisualStudioVersion = 16.0.29509.3
MinimumVisualStudioVersion = 10.0.40219.1
Project("{FAE04EC0-301F-11D3-BF4B-00C04F79EFBC}") = "GenericsPlayground", "GenericsPlayground\GenericsPlayground.csproj", "{3CC3D76B-ECF3-405A-ABDD-6D65209422CE}"
EndProject
Global
	GlobalSection(SolutionConfigurationPlatforms) = preSolution
		Debug|Any CPU = Debug|Any CPU
		Release|Any CPU = Release|Any CPU
	EndGlobalSection
	GlobalSection(ProjectConfigurationPlatforms) = postSolution
		{3CC3D76B-ECF3-405A-ABDD-6D65209422CE}.Debug|Any CPU.ActiveCfg = Debug|Any CPU
		{3CC3D76B-ECF3-405A-ABDD-6D65209422CE}.Debug|Any CPU.Build.0 = Debug|Any CPU
		{3CC3D76B-ECF3-405A-ABDD-6D65209422CE}.Release|Any CPU.ActiveCfg = Release|Any CPU
		{3CC3D76B-ECF3-405A-ABDD-6D65209422CE}.Release|Any CPU.Build.0 = Release|Any CPU
	EndGlobalSection
	GlobalSection(SolutionProperties) = preSolution
		HideSolutionNode = FALSE
	EndGlobalSection
	GlobalSection(ExtensibilityGlobals) = postSolution
		SolutionGuid = {D8B205FC-CAA7-4E6B-9DB8-2F8B487A71DE}
	EndGlobalSection
EndGlobal
